// !$*UTF8*$!
{
	archiveVersion = 1;
	classes = {
	};
	objectVersion = 46;
	objects = {

/* Begin PBXBuildFile section */
		B5B186D41C34A8EC005A12C0 /* Main.storyboard in Resources */ = {isa = PBXBuildFile; fileRef = B5B186D21C34A8EC005A12C0 /* Main.storyboard */; };
		B5B186D61C36FDB9005A12C0 /* LocationTracker.swift in Sources */ = {isa = PBXBuildFile; fileRef = B5B186D51C36FDB9005A12C0 /* LocationTracker.swift */; };
		B5B186D81C386E2F005A12C0 /* PCBConnection.swift in Sources */ = {isa = PBXBuildFile; fileRef = B5B186D71C386E2F005A12C0 /* PCBConnection.swift */; };
		B5B186E01C3F3C63005A12C0 /* LoginManager.swift in Sources */ = {isa = PBXBuildFile; fileRef = B5B186DF1C3F3C63005A12C0 /* LoginManager.swift */; };
		B5B186E41C3FC8F4005A12C0 /* LoginViewController.swift in Sources */ = {isa = PBXBuildFile; fileRef = B5B186DD1C3F3996005A12C0 /* LoginViewController.swift */; };
		B5B186E81C400069005A12C0 /* ZoneManager.swift in Sources */ = {isa = PBXBuildFile; fileRef = B5B186E71C400069005A12C0 /* ZoneManager.swift */; };
		B5FDBF321C335584006F7F56 /* AppDelegate.swift in Sources */ = {isa = PBXBuildFile; fileRef = B5FDBF311C335584006F7F56 /* AppDelegate.swift */; };
		B5FDBF341C335584006F7F56 /* ViewController.swift in Sources */ = {isa = PBXBuildFile; fileRef = B5FDBF331C335584006F7F56 /* ViewController.swift */; };
		B5FDBF391C335584006F7F56 /* Assets.xcassets in Resources */ = {isa = PBXBuildFile; fileRef = B5FDBF381C335584006F7F56 /* Assets.xcassets */; };
		B5FDBF3C1C335584006F7F56 /* LaunchScreen.storyboard in Resources */ = {isa = PBXBuildFile; fileRef = B5FDBF3A1C335584006F7F56 /* LaunchScreen.storyboard */; };
		B5FDBF441C335A74006F7F56 /* Utility.swift in Sources */ = {isa = PBXBuildFile; fileRef = B5FDBF431C335A74006F7F56 /* Utility.swift */; };
/* End PBXBuildFile section */

/* Begin PBXFileReference section */
		B5B186D31C34A8EC005A12C0 /* Base */ = {isa = PBXFileReference; lastKnownFileType = file.storyboard; name = Base; path = Base.lproj/Main.storyboard; sourceTree = "<group>"; };
		B5B186D51C36FDB9005A12C0 /* LocationTracker.swift */ = {isa = PBXFileReference; fileEncoding = 4; lastKnownFileType = sourcecode.swift; path = LocationTracker.swift; sourceTree = "<group>"; };
		B5B186D71C386E2F005A12C0 /* PCBConnection.swift */ = {isa = PBXFileReference; fileEncoding = 4; lastKnownFileType = sourcecode.swift; name = PCBConnection.swift; path = ../PCBConnection.swift; sourceTree = "<group>"; };
		B5B186DD1C3F3996005A12C0 /* LoginViewController.swift */ = {isa = PBXFileReference; fileEncoding = 4; lastKnownFileType = sourcecode.swift; path = LoginViewController.swift; sourceTree = "<group>"; };
		B5B186DF1C3F3C63005A12C0 /* LoginManager.swift */ = {isa = PBXFileReference; fileEncoding = 4; lastKnownFileType = sourcecode.swift; path = LoginManager.swift; sourceTree = "<group>"; };
		B5B186E71C400069005A12C0 /* ZoneManager.swift */ = {isa = PBXFileReference; fileEncoding = 4; lastKnownFileType = sourcecode.swift; path = ZoneManager.swift; sourceTree = "<group>"; };
		B5FDBF2E1C335584006F7F56 /* Tracker.app */ = {isa = PBXFileReference; explicitFileType = wrapper.application; includeInIndex = 0; path = Tracker.app; sourceTree = BUILT_PRODUCTS_DIR; };
		B5FDBF311C335584006F7F56 /* AppDelegate.swift */ = {isa = PBXFileReference; lastKnownFileType = sourcecode.swift; path = AppDelegate.swift; sourceTree = "<group>"; };
		B5FDBF331C335584006F7F56 /* ViewController.swift */ = {isa = PBXFileReference; lastKnownFileType = sourcecode.swift; path = ViewController.swift; sourceTree = "<group>"; };
		B5FDBF381C335584006F7F56 /* Assets.xcassets */ = {isa = PBXFileReference; lastKnownFileType = folder.assetcatalog; path = Assets.xcassets; sourceTree = "<group>"; };
		B5FDBF3B1C335584006F7F56 /* Base */ = {isa = PBXFileReference; lastKnownFileType = file.storyboard; name = Base; path = Base.lproj/LaunchScreen.storyboard; sourceTree = "<group>"; };
		B5FDBF3D1C335584006F7F56 /* Info.plist */ = {isa = PBXFileReference; lastKnownFileType = text.plist.xml; path = Info.plist; sourceTree = "<group>"; };
		B5FDBF431C335A74006F7F56 /* Utility.swift */ = {isa = PBXFileReference; fileEncoding = 4; lastKnownFileType = sourcecode.swift; path = Utility.swift; sourceTree = "<group>"; };
		B5FDBF451C345164006F7F56 /* LocationTester.gpx */ = {isa = PBXFileReference; lastKnownFileType = text.xml; path = LocationTester.gpx; sourceTree = "<group>"; };
/* End PBXFileReference section */

/* Begin PBXFrameworksBuildPhase section */
		B5FDBF2B1C335584006F7F56 /* Frameworks */ = {
			isa = PBXFrameworksBuildPhase;
			buildActionMask = 2147483647;
			files = (
			);
			runOnlyForDeploymentPostprocessing = 0;
		};
/* End PBXFrameworksBuildPhase section */

/* Begin PBXGroup section */
		B5FDBF251C335584006F7F56 = {
			isa = PBXGroup;
			children = (
				B5FDBF301C335584006F7F56 /* Tracker */,
				B5FDBF2F1C335584006F7F56 /* Products */,
			);
			sourceTree = "<group>";
		};
		B5FDBF2F1C335584006F7F56 /* Products */ = {
			isa = PBXGroup;
			children = (
				B5FDBF2E1C335584006F7F56 /* Tracker.app */,
			);
			name = Products;
			sourceTree = "<group>";
		};
		B5FDBF301C335584006F7F56 /* Tracker */ = {
			isa = PBXGroup;
			children = (
				B5FDBF311C335584006F7F56 /* AppDelegate.swift */,
				B5B186D71C386E2F005A12C0 /* PCBConnection.swift */,
				B5B186D51C36FDB9005A12C0 /* LocationTracker.swift */,
				B5FDBF431C335A74006F7F56 /* Utility.swift */,
				B5FDBF331C335584006F7F56 /* ViewController.swift */,
				B5B186DD1C3F3996005A12C0 /* LoginViewController.swift */,
				B5B186DF1C3F3C63005A12C0 /* LoginManager.swift */,
				B5B186D21C34A8EC005A12C0 /* Main.storyboard */,
				B5FDBF381C335584006F7F56 /* Assets.xcassets */,
				B5FDBF3A1C335584006F7F56 /* LaunchScreen.storyboard */,
				B5FDBF3D1C335584006F7F56 /* Info.plist */,
				B5FDBF451C345164006F7F56 /* LocationTester.gpx */,
				B5B186E71C400069005A12C0 /* ZoneManager.swift */,
			);
			path = Tracker;
			sourceTree = "<group>";
		};
/* End PBXGroup section */

/* Begin PBXNativeTarget section */
		B5FDBF2D1C335584006F7F56 /* Tracker */ = {
			isa = PBXNativeTarget;
			buildConfigurationList = B5FDBF401C335584006F7F56 /* Build configuration list for PBXNativeTarget "Tracker" */;
			buildPhases = (
				B5FDBF2A1C335584006F7F56 /* Sources */,
				B5FDBF2B1C335584006F7F56 /* Frameworks */,
				B5FDBF2C1C335584006F7F56 /* Resources */,
			);
			buildRules = (
			);
			dependencies = (
			);
			name = Tracker;
			productName = Tracker;
			productReference = B5FDBF2E1C335584006F7F56 /* Tracker.app */;
			productType = "com.apple.product-type.application";
		};
/* End PBXNativeTarget section */

/* Begin PBXProject section */
		B5FDBF261C335584006F7F56 /* Project object */ = {
			isa = PBXProject;
			attributes = {
				LastSwiftUpdateCheck = 0710;
				LastUpgradeCheck = 0710;
				ORGANIZATIONNAME = Infologique;
				TargetAttributes = {
					B5FDBF2D1C335584006F7F56 = {
						CreatedOnToolsVersion = 7.1.1;
						DevelopmentTeam = QST889CZZ2;
						SystemCapabilities = {
							com.apple.BackgroundModes = {
								enabled = 1;
							};
							com.apple.Maps.iOS = {
								enabled = 0;
							};
						};
					};
				};
			};
			buildConfigurationList = B5FDBF291C335584006F7F56 /* Build configuration list for PBXProject "Tracker" */;
			compatibilityVersion = "Xcode 3.2";
			developmentRegion = English;
			hasScannedForEncodings = 0;
			knownRegions = (
				en,
				Base,
			);
			mainGroup = B5FDBF251C335584006F7F56;
			productRefGroup = B5FDBF2F1C335584006F7F56 /* Products */;
			projectDirPath = "";
			projectRoot = "";
			targets = (
				B5FDBF2D1C335584006F7F56 /* Tracker */,
			);
		};
/* End PBXProject section */

/* Begin PBXResourcesBuildPhase section */
		B5FDBF2C1C335584006F7F56 /* Resources */ = {
			isa = PBXResourcesBuildPhase;
			buildActionMask = 2147483647;
			files = (
				B5B186D41C34A8EC005A12C0 /* Main.storyboard in Resources */,
				B5FDBF3C1C335584006F7F56 /* LaunchScreen.storyboard in Resources */,
				B5FDBF391C335584006F7F56 /* Assets.xcassets in Resources */,
			);
			runOnlyForDeploymentPostprocessing = 0;
		};
/* End PBXResourcesBuildPhase section */

/* Begin PBXSourcesBuildPhase section */
		B5FDBF2A1C335584006F7F56 /* Sources */ = {
			isa = PBXSourcesBuildPhase;
			buildActionMask = 2147483647;
			files = (
				B5B186E41C3FC8F4005A12C0 /* LoginViewController.swift in Sources */,
				B5FDBF341C335584006F7F56 /* ViewController.swift in Sources */,
				B5B186E01C3F3C63005A12C0 /* LoginManager.swift in Sources */,
				B5B186E81C400069005A12C0 /* ZoneManager.swift in Sources */,
				B5B186D61C36FDB9005A12C0 /* LocationTracker.swift in Sources */,
				B5FDBF321C335584006F7F56 /* AppDelegate.swift in Sources */,
				B5FDBF441C335A74006F7F56 /* Utility.swift in Sources */,
				B5B186D81C386E2F005A12C0 /* PCBConnection.swift in Sources */,
			);
			runOnlyForDeploymentPostprocessing = 0;
		};
/* End PBXSourcesBuildPhase section */

/* Begin PBXVariantGroup section */
		B5B186D21C34A8EC005A12C0 /* Main.storyboard */ = {
			isa = PBXVariantGroup;
			children = (
				B5B186D31C34A8EC005A12C0 /* Base */,
			);
			name = Main.storyboard;
			sourceTree = "<group>";
		};
		B5FDBF3A1C335584006F7F56 /* LaunchScreen.storyboard */ = {
			isa = PBXVariantGroup;
			children = (
				B5FDBF3B1C335584006F7F56 /* Base */,
			);
			name = LaunchScreen.storyboard;
			sourceTree = "<group>";
		};
/* End PBXVariantGroup section */

/* Begin XCBuildConfiguration section */
		B5FDBF3E1C335584006F7F56 /* Debug */ = {
			isa = XCBuildConfiguration;
			buildSettings = {
				ALWAYS_SEARCH_USER_PATHS = NO;
				CLANG_CXX_LANGUAGE_STANDARD = "gnu++0x";
				CLANG_CXX_LIBRARY = "libc++";
				CLANG_ENABLE_MODULES = YES;
				CLANG_ENABLE_OBJC_ARC = YES;
				CLANG_WARN_BOOL_CONVERSION = YES;
				CLANG_WARN_CONSTANT_CONVERSION = YES;
				CLANG_WARN_DIRECT_OBJC_ISA_USAGE = YES_ERROR;
				CLANG_WARN_EMPTY_BODY = YES;
				CLANG_WARN_ENUM_CONVERSION = YES;
				CLANG_WARN_INT_CONVERSION = YES;
				CLANG_WARN_OBJC_ROOT_CLASS = YES_ERROR;
				CLANG_WARN_UNREACHABLE_CODE = YES;
				CLANG_WARN__DUPLICATE_METHOD_MATCH = YES;
				"CODE_SIGN_IDENTITY[sdk=iphoneos*]" = "iPhone Developer";
				COPY_PHASE_STRIP = NO;
				DEBUG_INFORMATION_FORMAT = dwarf;
				ENABLE_STRICT_OBJC_MSGSEND = YES;
				ENABLE_TESTABILITY = YES;
				GCC_C_LANGUAGE_STANDARD = gnu99;
				GCC_DYNAMIC_NO_PIC = NO;
				GCC_NO_COMMON_BLOCKS = YES;
				GCC_OPTIMIZATION_LEVEL = 0;
				GCC_PREPROCESSOR_DEFINITIONS = (
					"DEBUG=1",
					"$(inherited)",
				);
				GCC_WARN_64_TO_32_BIT_CONVERSION = YES;
				GCC_WARN_ABOUT_RETURN_TYPE = YES_ERROR;
				GCC_WARN_UNDECLARED_SELECTOR = YES;
				GCC_WARN_UNINITIALIZED_AUTOS = YES_AGGRESSIVE;
				GCC_WARN_UNUSED_FUNCTION = YES;
				GCC_WARN_UNUSED_VARIABLE = YES;
				IPHONEOS_DEPLOYMENT_TARGET = 9.1;
				MTL_ENABLE_DEBUG_INFO = YES;
				ONLY_ACTIVE_ARCH = YES;
				SDKROOT = iphoneos;
				SWIFT_OPTIMIZATION_LEVEL = "-Onone";
			};
			name = Debug;
		};
		B5FDBF3F1C335584006F7F56 /* Release */ = {
			isa = XCBuildConfiguration;
			buildSettings = {
				ALWAYS_SEARCH_USER_PATHS = NO;
				CLANG_CXX_LANGUAGE_STANDARD = "gnu++0x";
				CLANG_CXX_LIBRARY = "libc++";
				CLANG_ENABLE_MODULES = YES;
				CLANG_ENABLE_OBJC_ARC = YES;
				CLANG_WARN_BOOL_CONVERSION = YES;
				CLANG_WARN_CONSTANT_CONVERSION = YES;
				CLANG_WARN_DIRECT_OBJC_ISA_USAGE = YES_ERROR;
				CLANG_WARN_EMPTY_BODY = YES;
				CLANG_WARN_ENUM_CONVERSION = YES;
				CLANG_WARN_INT_CONVERSION = YES;
				CLANG_WARN_OBJC_ROOT_CLASS = YES_ERROR;
				CLANG_WARN_UNREACHABLE_CODE = YES;
				CLANG_WARN__DUPLICATE_METHOD_MATCH = YES;
				"CODE_SIGN_IDENTITY[sdk=iphoneos*]" = "iPhone Developer";
				COPY_PHASE_STRIP = NO;
				DEBUG_INFORMATION_FORMAT = "dwarf-with-dsym";
				ENABLE_NS_ASSERTIONS = NO;
				ENABLE_STRICT_OBJC_MSGSEND = YES;
				GCC_C_LANGUAGE_STANDARD = gnu99;
				GCC_NO_COMMON_BLOCKS = YES;
				GCC_WARN_64_TO_32_BIT_CONVERSION = YES;
				GCC_WARN_ABOUT_RETURN_TYPE = YES_ERROR;
				GCC_WARN_UNDECLARED_SELECTOR = YES;
				GCC_WARN_UNINITIALIZED_AUTOS = YES_AGGRESSIVE;
				GCC_WARN_UNUSED_FUNCTION = YES;
				GCC_WARN_UNUSED_VARIABLE = YES;
				IPHONEOS_DEPLOYMENT_TARGET = 9.1;
				MTL_ENABLE_DEBUG_INFO = NO;
				SDKROOT = iphoneos;
				VALIDATE_PRODUCT = YES;
			};
			name = Release;
		};
		B5FDBF411C335584006F7F56 /* Debug */ = {
			isa = XCBuildConfiguration;
			buildSettings = {
				ASSETCATALOG_COMPILER_APPICON_NAME = AppIcon;
				CODE_SIGN_IDENTITY = "iPhone Developer";
				"CODE_SIGN_IDENTITY[sdk=iphoneos*]" = "iPhone Developer";
				INFOPLIST_FILE = Tracker/Info.plist;
				LD_RUNPATH_SEARCH_PATHS = "$(inherited) @executable_path/Frameworks";
				PRODUCT_BUNDLE_IDENTIFIER = com.infologique.Tracker;
				PRODUCT_NAME = "$(TARGET_NAME)";
				PROVISIONING_PROFILE = "";
			};
			name = Debug;
		};
		B5FDBF421C335584006F7F56 /* Release */ = {
			isa = XCBuildConfiguration;
			buildSettings = {
				ASSETCATALOG_COMPILER_APPICON_NAME = AppIcon;
				CODE_SIGN_IDENTITY = "iPhone Developer";
				"CODE_SIGN_IDENTITY[sdk=iphoneos*]" = "iPhone Developer";
				INFOPLIST_FILE = Tracker/Info.plist;
				LD_RUNPATH_SEARCH_PATHS = "$(inherited) @executable_path/Frameworks";
				PRODUCT_BUNDLE_IDENTIFIER = com.infologique.Tracker;
				PRODUCT_NAME = "$(TARGET_NAME)";
				PROVISIONING_PROFILE = "";
			};
			name = Release;
		};
/* End XCBuildConfiguration section */

/* Begin XCConfigurationList section */
		B5FDBF291C335584006F7F56 /* Build configuration list for PBXProject "Tracker" */ = {
			isa = XCConfigurationList;
			buildConfigurations = (
				B5FDBF3E1C335584006F7F56 /* Debug */,
				B5FDBF3F1C335584006F7F56 /* Release */,
			);
			defaultConfigurationIsVisible = 0;
			defaultConfigurationName = Release;
		};
		B5FDBF401C335584006F7F56 /* Build configuration list for PBXNativeTarget "Tracker" */ = {
			isa = XCConfigurationList;
			buildConfigurations = (
				B5FDBF411C335584006F7F56 /* Debug */,
				B5FDBF421C335584006F7F56 /* Release */,
			);
			defaultConfigurationIsVisible = 0;
			defaultConfigurationName = Release;
		};
/* End XCConfigurationList section */
	};
	rootObject = B5FDBF261C335584006F7F56 /* Project object */;
}
